
Microsoft Visual Studio Solution File, Format Version 12.00
# Visual Studio Version 17
VisualStudioVersion = 17.14.36705.20 d17.14
MinimumVisualStudioVersion = 10.0.40219.1
Project("{FAE04EC0-301F-11D3-BF4B-00C04F79EFBC}") = "Tetris", "Tetris.csproj", "{D2240070-5F03-4E19-B090-AD3EAFAA9B21}"
EndProject
Global
	GlobalSection(SolutionConfigurationPlatforms) = preSolution
		Debug|Any CPU = Debug|Any CPU
		Release|Any CPU = Release|Any CPU
	EndGlobalSection
	GlobalSection(ProjectConfigurationPlatforms) = postSolution
		{D2240070-5F03-4E19-B090-AD3EAFAA9B21}.Debug|Any CPU.ActiveCfg = Debug|Any CPU
		{D2240070-5F03-4E19-B090-AD3EAFAA9B21}.Debug|Any CPU.Build.0 = Debug|Any CPU
		{D2240070-5F03-4E19-B090-AD3EAFAA9B21}.Release|Any CPU.ActiveCfg = Release|Any CPU
		{D2240070-5F03-4E19-B090-AD3EAFAA9B21}.Release|Any CPU.Build.0 = Release|Any CPU
	EndGlobalSection
	GlobalSection(SolutionProperties) = preSolution
		HideSolutionNode = FALSE
	EndGlobalSection
	GlobalSection(ExtensibilityGlobals) = postSolution
		SolutionGuid = {9D90D53B-94C1-4E34-ADE3-B8FE1211719F}
	EndGlobalSection
EndGlobal
